
Microsoft Visual Studio Solution File, Format Version 12.00
# Visual Studio Version 16
VisualStudioVersion = 16.0.29020.237
MinimumVisualStudioVersion = 10.0.40219.1
Project("{FAE04EC0-301F-11D3-BF4B-00C04F79EFBC}") = "Modem", "Modem\Modem.csproj", "{69EE5F7B-DDD1-4BF0-A16A-56EA6506BB26}"
EndProject
Global
	GlobalSection(SolutionConfigurationPlatforms) = preSolution
		Debug|Any CPU = Debug|Any CPU
		Release|Any CPU = Release|Any CPU
	EndGlobalSection
	GlobalSection(ProjectConfigurationPlatforms) = postSolution
		{69EE5F7B-DDD1-4BF0-A16A-56EA6506BB26}.Debug|Any CPU.ActiveCfg = Debug|Any CPU
		{69EE5F7B-DDD1-4BF0-A16A-56EA6506BB26}.Debug|Any CPU.Build.0 = Debug|Any CPU
		{69EE5F7B-DDD1-4BF0-A16A-56EA6506BB26}.Release|Any CPU.ActiveCfg = Release|Any CPU
		{69EE5F7B-DDD1-4BF0-A16A-56EA6506BB26}.Release|Any CPU.Build.0 = Release|Any CPU
	EndGlobalSection
	GlobalSection(SolutionProperties) = preSolution
		HideSolutionNode = FALSE
	EndGlobalSection
	GlobalSection(ExtensibilityGlobals) = postSolution
		SolutionGuid = {EAF4EB30-E3FD-4BF4-B9F9-31163E0E2FC1}
	EndGlobalSection
EndGlobal
